
Microsoft Visual Studio Solution File, Format Version 12.00
# Visual Studio Version 16
VisualStudioVersion = 16.0.29926.136
MinimumVisualStudioVersion = 10.0.40219.1
Project("{FAE04EC0-301F-11D3-BF4B-00C04F79EFBC}") = "OperationManagement", "OperationManagement.csproj", "{B0D78BE2-583C-4A21-A6F7-EDC2380EDC0B}"
EndProject
Global
	GlobalSection(SolutionConfigurationPlatforms) = preSolution
		Debug|Any CPU = Debug|Any CPU
		Release|Any CPU = Release|Any CPU
	EndGlobalSection
	GlobalSection(ProjectConfigurationPlatforms) = postSolution
		{B0D78BE2-583C-4A21-A6F7-EDC2380EDC0B}.Debug|Any CPU.ActiveCfg = Debug|Any CPU
		{B0D78BE2-583C-4A21-A6F7-EDC2380EDC0B}.Debug|Any CPU.Build.0 = Debug|Any CPU
		{B0D78BE2-583C-4A21-A6F7-EDC2380EDC0B}.Release|Any CPU.ActiveCfg = Release|Any CPU
		{B0D78BE2-583C-4A21-A6F7-EDC2380EDC0B}.Release|Any CPU.Build.0 = Release|Any CPU
	EndGlobalSection
	GlobalSection(SolutionProperties) = preSolution
		HideSolutionNode = FALSE
	EndGlobalSection
	GlobalSection(ExtensibilityGlobals) = postSolution
		SolutionGuid = {49E2BA70-5EF6-4B0C-8206-FBB9F40F8F45}
	EndGlobalSection
EndGlobal
